
Microsoft Visual Studio Solution File, Format Version 12.00
# Visual Studio 15
VisualStudioVersion = 15.0.26228.9
MinimumVisualStudioVersion = 10.0.40219.1
Project("{FAE04EC0-301F-11D3-BF4B-00C04F79EFBC}") = "Conferency.Data", "Conferency.Data\Conferency.Data.csproj", "{A638717F-7E19-4D3D-8C14-514D3FF4CA2F}"
EndProject
Project("{FAE04EC0-301F-11D3-BF4B-00C04F79EFBC}") = "Conferency.Domain", "Conferency.Domain\Conferency.Domain.csproj", "{BB8B5ECB-8922-420A-B8CA-EC4383E4A183}"
EndProject
Project("{9A19103F-16F7-4668-BE54-9A1E7A4F7556}") = "Conferency.Application", "Conferency.Application\Conferency.Application.csproj", "{129C4C8F-5342-4A39-BB4C-14E059B44577}"
EndProject
Global
	GlobalSection(SolutionConfigurationPlatforms) = preSolution
		Debug|Any CPU = Debug|Any CPU
		Debug|x64 = Debug|x64
		Debug|x86 = Debug|x86
		Release|Any CPU = Release|Any CPU
		Release|x64 = Release|x64
		Release|x86 = Release|x86
	EndGlobalSection
	GlobalSection(ProjectConfigurationPlatforms) = postSolution
		{A638717F-7E19-4D3D-8C14-514D3FF4CA2F}.Debug|Any CPU.ActiveCfg = Debug|Any CPU
		{A638717F-7E19-4D3D-8C14-514D3FF4CA2F}.Debug|Any CPU.Build.0 = Debug|Any CPU
		{A638717F-7E19-4D3D-8C14-514D3FF4CA2F}.Debug|x64.ActiveCfg = Debug|Any CPU
		{A638717F-7E19-4D3D-8C14-514D3FF4CA2F}.Debug|x64.Build.0 = Debug|Any CPU
		{A638717F-7E19-4D3D-8C14-514D3FF4CA2F}.Debug|x86.ActiveCfg = Debug|Any CPU
		{A638717F-7E19-4D3D-8C14-514D3FF4CA2F}.Debug|x86.Build.0 = Debug|Any CPU
		{A638717F-7E19-4D3D-8C14-514D3FF4CA2F}.Release|Any CPU.ActiveCfg = Release|Any CPU
		{A638717F-7E19-4D3D-8C14-514D3FF4CA2F}.Release|Any CPU.Build.0 = Release|Any CPU
		{A638717F-7E19-4D3D-8C14-514D3FF4CA2F}.Release|x64.ActiveCfg = Release|Any CPU
		{A638717F-7E19-4D3D-8C14-514D3FF4CA2F}.Release|x64.Build.0 = Release|Any CPU
		{A638717F-7E19-4D3D-8C14-514D3FF4CA2F}.Release|x86.ActiveCfg = Release|Any CPU
		{A638717F-7E19-4D3D-8C14-514D3FF4CA2F}.Release|x86.Build.0 = Release|Any CPU
		{BB8B5ECB-8922-420A-B8CA-EC4383E4A183}.Debug|Any CPU.ActiveCfg = Debug|Any CPU
		{BB8B5ECB-8922-420A-B8CA-EC4383E4A183}.Debug|Any CPU.Build.0 = Debug|Any CPU
		{BB8B5ECB-8922-420A-B8CA-EC4383E4A183}.Debug|x64.ActiveCfg = Debug|Any CPU
		{BB8B5ECB-8922-420A-B8CA-EC4383E4A183}.Debug|x64.Build.0 = Debug|Any CPU
		{BB8B5ECB-8922-420A-B8CA-EC4383E4A183}.Debug|x86.ActiveCfg = Debug|Any CPU
		{BB8B5ECB-8922-420A-B8CA-EC4383E4A183}.Debug|x86.Build.0 = Debug|Any CPU
		{BB8B5ECB-8922-420A-B8CA-EC4383E4A183}.Release|Any CPU.ActiveCfg = Release|Any CPU
		{BB8B5ECB-8922-420A-B8CA-EC4383E4A183}.Release|Any CPU.Build.0 = Release|Any CPU
		{BB8B5ECB-8922-420A-B8CA-EC4383E4A183}.Release|x64.ActiveCfg = Release|Any CPU
		{BB8B5ECB-8922-420A-B8CA-EC4383E4A183}.Release|x64.Build.0 = Release|Any CPU
		{BB8B5ECB-8922-420A-B8CA-EC4383E4A183}.Release|x86.ActiveCfg = Release|Any CPU
		{BB8B5ECB-8922-420A-B8CA-EC4383E4A183}.Release|x86.Build.0 = Release|Any CPU
		{129C4C8F-5342-4A39-BB4C-14E059B44577}.Debug|Any CPU.ActiveCfg = Debug|Any CPU
		{129C4C8F-5342-4A39-BB4C-14E059B44577}.Debug|Any CPU.Build.0 = Debug|Any CPU
		{129C4C8F-5342-4A39-BB4C-14E059B44577}.Debug|x64.ActiveCfg = Debug|Any CPU
		{129C4C8F-5342-4A39-BB4C-14E059B44577}.Debug|x64.Build.0 = Debug|Any CPU
		{129C4C8F-5342-4A39-BB4C-14E059B44577}.Debug|x86.ActiveCfg = Debug|Any CPU
		{129C4C8F-5342-4A39-BB4C-14E059B44577}.Debug|x86.Build.0 = Debug|Any CPU
		{129C4C8F-5342-4A39-BB4C-14E059B44577}.Release|Any CPU.ActiveCfg = Release|Any CPU
		{129C4C8F-5342-4A39-BB4C-14E059B44577}.Release|Any CPU.Build.0 = Release|Any CPU
		{129C4C8F-5342-4A39-BB4C-14E059B44577}.Release|x64.ActiveCfg = Release|Any CPU
		{129C4C8F-5342-4A39-BB4C-14E059B44577}.Release|x64.Build.0 = Release|Any CPU
		{129C4C8F-5342-4A39-BB4C-14E059B44577}.Release|x86.ActiveCfg = Release|Any CPU
		{129C4C8F-5342-4A39-BB4C-14E059B44577}.Release|x86.Build.0 = Release|Any CPU
	EndGlobalSection
	GlobalSection(SolutionProperties) = preSolution
		HideSolutionNode = FALSE
	EndGlobalSection
EndGlobal
